
Microsoft Visual Studio Solution File, Format Version 12.00
# Visual Studio Version 17
VisualStudioVersion = 17.3.32929.385
MinimumVisualStudioVersion = 10.0.40219.1
Project("{2150E333-8FDC-42A3-9474-1A3956D46DE8}") = "Solution Items", "Solution Items", "{A2082ADB-58F4-4145-AEA9-05D738AF1A05}"
	ProjectSection(SolutionItems) = preProject
		Backlog.txt = Backlog.txt
	EndProjectSection
EndProject
Project("{9A19103F-16F7-4668-BE54-9A1E7A4F7556}") = "ExpensesBook.Win", "ExpensesBook.Win\ExpensesBook.Win.csproj", "{B459687E-D453-4EF8-8F68-C9085D1DD837}"
EndProject
Project("{9A19103F-16F7-4668-BE54-9A1E7A4F7556}") = "ExpensesBook.App", "ExpensesBook.App\ExpensesBook.App.csproj", "{737A138B-5FFD-41A3-8CA0-972743ADF5D3}"
EndProject
Project("{9A19103F-16F7-4668-BE54-9A1E7A4F7556}") = "ExpensesBook.Web", "ExpensesBook.Web\ExpensesBook.Web.csproj", "{F76CF9E5-ABA1-4067-8CE1-1CE3BCCC98A4}"
EndProject
Project("{9A19103F-16F7-4668-BE54-9A1E7A4F7556}") = "ExpensesBook.App.Xlsx", "ExpensesBook.Xlsx\ExpensesBook.App.Xlsx.csproj", "{4CD8C422-5C8A-4CAC-BDA5-9F6C106C25FB}"
EndProject
Project("{9A19103F-16F7-4668-BE54-9A1E7A4F7556}") = "ExpensesBook.App.Domain", "ExpensesBook.App.Domain\ExpensesBook.App.Domain.csproj", "{9D84B7FF-1500-4AEA-B0DB-4C5F01DF6357}"
EndProject
Project("{9A19103F-16F7-4668-BE54-9A1E7A4F7556}") = "ExpensesBook.Data.IndexedDb", "ExpensesBook.Data.IndexedDb\ExpensesBook.Data.IndexedDb.csproj", "{99DBA748-7F9C-4DD8-9E76-A6739A5185AE}"
EndProject
Project("{9A19103F-16F7-4668-BE54-9A1E7A4F7556}") = "ExpensesBook.Data.LocalStorage", "ExpensesBook.Data.LocalStorage\ExpensesBook.Data.LocalStorage.csproj", "{BB204F5B-AA3E-4191-B2E4-2FC8A44384B4}"
EndProject
Global
	GlobalSection(SolutionConfigurationPlatforms) = preSolution
		Debug|Any CPU = Debug|Any CPU
		Release|Any CPU = Release|Any CPU
	EndGlobalSection
	GlobalSection(ProjectConfigurationPlatforms) = postSolution
		{B459687E-D453-4EF8-8F68-C9085D1DD837}.Debug|Any CPU.ActiveCfg = Debug|Any CPU
		{B459687E-D453-4EF8-8F68-C9085D1DD837}.Debug|Any CPU.Build.0 = Debug|Any CPU
		{B459687E-D453-4EF8-8F68-C9085D1DD837}.Release|Any CPU.ActiveCfg = Release|Any CPU
		{B459687E-D453-4EF8-8F68-C9085D1DD837}.Release|Any CPU.Build.0 = Release|Any CPU
		{737A138B-5FFD-41A3-8CA0-972743ADF5D3}.Debug|Any CPU.ActiveCfg = Debug|Any CPU
		{737A138B-5FFD-41A3-8CA0-972743ADF5D3}.Debug|Any CPU.Build.0 = Debug|Any CPU
		{737A138B-5FFD-41A3-8CA0-972743ADF5D3}.Release|Any CPU.ActiveCfg = Release|Any CPU
		{737A138B-5FFD-41A3-8CA0-972743ADF5D3}.Release|Any CPU.Build.0 = Release|Any CPU
		{F76CF9E5-ABA1-4067-8CE1-1CE3BCCC98A4}.Debug|Any CPU.ActiveCfg = Debug|Any CPU
		{F76CF9E5-ABA1-4067-8CE1-1CE3BCCC98A4}.Debug|Any CPU.Build.0 = Debug|Any CPU
		{F76CF9E5-ABA1-4067-8CE1-1CE3BCCC98A4}.Release|Any CPU.ActiveCfg = Release|Any CPU
		{F76CF9E5-ABA1-4067-8CE1-1CE3BCCC98A4}.Release|Any CPU.Build.0 = Release|Any CPU
		{4CD8C422-5C8A-4CAC-BDA5-9F6C106C25FB}.Debug|Any CPU.ActiveCfg = Debug|Any CPU
		{4CD8C422-5C8A-4CAC-BDA5-9F6C106C25FB}.Debug|Any CPU.Build.0 = Debug|Any CPU
		{4CD8C422-5C8A-4CAC-BDA5-9F6C106C25FB}.Release|Any CPU.ActiveCfg = Release|Any CPU
		{4CD8C422-5C8A-4CAC-BDA5-9F6C106C25FB}.Release|Any CPU.Build.0 = Release|Any CPU
		{9D84B7FF-1500-4AEA-B0DB-4C5F01DF6357}.Debug|Any CPU.ActiveCfg = Debug|Any CPU
		{9D84B7FF-1500-4AEA-B0DB-4C5F01DF6357}.Debug|Any CPU.Build.0 = Debug|Any CPU
		{9D84B7FF-1500-4AEA-B0DB-4C5F01DF6357}.Release|Any CPU.ActiveCfg = Release|Any CPU
		{9D84B7FF-1500-4AEA-B0DB-4C5F01DF6357}.Release|Any CPU.Build.0 = Release|Any CPU
		{99DBA748-7F9C-4DD8-9E76-A6739A5185AE}.Debug|Any CPU.ActiveCfg = Debug|Any CPU
		{99DBA748-7F9C-4DD8-9E76-A6739A5185AE}.Debug|Any CPU.Build.0 = Debug|Any CPU
		{99DBA748-7F9C-4DD8-9E76-A6739A5185AE}.Release|Any CPU.ActiveCfg = Release|Any CPU
		{99DBA748-7F9C-4DD8-9E76-A6739A5185AE}.Release|Any CPU.Build.0 = Release|Any CPU
		{BB204F5B-AA3E-4191-B2E4-2FC8A44384B4}.Debug|Any CPU.ActiveCfg = Debug|Any CPU
		{BB204F5B-AA3E-4191-B2E4-2FC8A44384B4}.Debug|Any CPU.Build.0 = Debug|Any CPU
		{BB204F5B-AA3E-4191-B2E4-2FC8A44384B4}.Release|Any CPU.ActiveCfg = Release|Any CPU
		{BB204F5B-AA3E-4191-B2E4-2FC8A44384B4}.Release|Any CPU.Build.0 = Release|Any CPU
	EndGlobalSection
	GlobalSection(SolutionProperties) = preSolution
		HideSolutionNode = FALSE
	EndGlobalSection
	GlobalSection(ExtensibilityGlobals) = postSolution
		SolutionGuid = {CCFF0847-B541-400D-ABE9-03E138603C0F}
	EndGlobalSection
EndGlobal
